
Microsoft Visual Studio Solution File, Format Version 12.00
# Visual Studio 2012
Project("{FAE04EC0-301F-11D3-BF4B-00C04F79EFBC}") = "Elte.PlaniCorrect.UI", "src\Elte.PlaniCorrect.UI\Elte.PlaniCorrect.UI.csproj", "{0027566E-B32E-44B6-B875-A34613DDBA71}"
EndProject
Global
	GlobalSection(SolutionConfigurationPlatforms) = preSolution
		Debug|Any CPU = Debug|Any CPU
		Release|Any CPU = Release|Any CPU
	EndGlobalSection
	GlobalSection(ProjectConfigurationPlatforms) = postSolution
		{0027566E-B32E-44B6-B875-A34613DDBA71}.Debug|Any CPU.ActiveCfg = Debug|Any CPU
		{0027566E-B32E-44B6-B875-A34613DDBA71}.Debug|Any CPU.Build.0 = Debug|Any CPU
		{0027566E-B32E-44B6-B875-A34613DDBA71}.Release|Any CPU.ActiveCfg = Release|Any CPU
		{0027566E-B32E-44B6-B875-A34613DDBA71}.Release|Any CPU.Build.0 = Release|Any CPU
	EndGlobalSection
	GlobalSection(SolutionProperties) = preSolution
		HideSolutionNode = FALSE
	EndGlobalSection
EndGlobal
